# THIS IS AN AUTOGENERATED FILE. DO NOT EDIT THIS FILE DIRECTLY.
# yarn lockfile v1


"@types/uuid@8.3.1":
  version "8.3.1"
  resolved "https://registry.yarnpkg.com/@types/uuid/-/uuid-8.3.1.tgz#1a32969cf8f0364b3d8c8af9cc3555b7805df14f"
  integrity sha512-Y2mHTRAbqfFkpjldbkHGY8JIzRN6XqYRliG8/24FcHm2D2PwW24fl5xMRTVGdrb7iMrwCaIEbLWerGIkXuFWVg==

cryptr@^6.0.2:
  version "6.0.2"
  resolved "https://registry.yarnpkg.com/cryptr/-/cryptr-6.0.2.tgz#3f9e97f825ffb93f425eb24068efbb6a652bf947"
  integrity sha512-1TRHI4bmuLIB8WgkH9eeYXzhEg1T4tonO4vVaMBKKde8Dre51J68nAgTVXTwMYXAf7+mV2gBCkm/9wksjSb2sA==

uuid@8.3.2:
  version "8.3.2"
  resolved "https://registry.yarnpkg.com/uuid/-/uuid-8.3.2.tgz#80d5b5ced271bb9af6c445f21a1a04c606cefbe2"
  integrity sha512-+NYs2QeMWy+GWFOEm9xnn6HCDp0l7QBD7ml8zLUmJ+93Q5NF0NocErnwkTkXVFNiX3/fpC6afS8Dhb/gz7R7eg==

uuidv4@^6.2.12:
  version "6.2.12"
  resolved "https://registry.yarnpkg.com/uuidv4/-/uuidv4-6.2.12.tgz#e8c1d1d733c3fa4963d4610b8a3a09b4ec58ca96"
  integrity sha512-UnN4ThIYWhv3ZUE8UwDnnCvh4JafCNu+sQkxmLyjCVwK3rjLfkg3DYiEv6oCMDIAIVEDP4INg4kX/C5hKaRzZA==
  dependencies:
    "@types/uuid" "8.3.1"
    uuid "8.3.2"

ws@^8.4.2:
  version "8.4.2"
  resolved "https://registry.yarnpkg.com/ws/-/ws-8.4.2.tgz#18e749868d8439f2268368829042894b6907aa0b"
  integrity sha512-Kbk4Nxyq7/ZWqr/tarI9yIt/+iNNFOjBXEWgTb4ydaNHBNGgvf2QHbS9fdfsndfjFlFwEd4Al+mw83YkaD10ZA==
